
Microsoft Visual Studio Solution File, Format Version 12.00
# Visual Studio Version 17
VisualStudioVersion = 17.14.36327.8 d17.14
MinimumVisualStudioVersion = 10.0.40219.1
Project("{FAE04EC0-301F-11D3-BF4B-00C04F79EFBC}") = "QiwiTask.Api", "QiwiTask\QiwiTask.Api.csproj", "{27E1A587-A1FF-42DE-B3EC-CD3AF455E6F0}"
EndProject
Project("{FAE04EC0-301F-11D3-BF4B-00C04F79EFBC}") = "QiwiTask.Domain", "QiwiTask.Domain\QiwiTask.Domain.csproj", "{EEAA8012-BACE-4CF8-A5AD-762F816CB1FB}"
EndProject
Project("{FAE04EC0-301F-11D3-BF4B-00C04F79EFBC}") = "QiwiTask.Application", "QiwiTask.Application\QiwiTask.Application.csproj", "{4F2162AB-E55F-4AA2-BBFA-8BDAD795489B}"
EndProject
Project("{FAE04EC0-301F-11D3-BF4B-00C04F79EFBC}") = "QiwiTask.Infrastructure", "QiwiTask.Infrastructure\QiwiTask.Infrastructure.csproj", "{EB7540AE-1E3E-406E-AE1A-AD90D2B1FAE2}"
EndProject
Global
	GlobalSection(SolutionConfigurationPlatforms) = preSolution
		Debug|Any CPU = Debug|Any CPU
		Release|Any CPU = Release|Any CPU
	EndGlobalSection
	GlobalSection(ProjectConfigurationPlatforms) = postSolution
		{27E1A587-A1FF-42DE-B3EC-CD3AF455E6F0}.Debug|Any CPU.ActiveCfg = Debug|Any CPU
		{27E1A587-A1FF-42DE-B3EC-CD3AF455E6F0}.Debug|Any CPU.Build.0 = Debug|Any CPU
		{27E1A587-A1FF-42DE-B3EC-CD3AF455E6F0}.Release|Any CPU.ActiveCfg = Release|Any CPU
		{27E1A587-A1FF-42DE-B3EC-CD3AF455E6F0}.Release|Any CPU.Build.0 = Release|Any CPU
		{EEAA8012-BACE-4CF8-A5AD-762F816CB1FB}.Debug|Any CPU.ActiveCfg = Debug|Any CPU
		{EEAA8012-BACE-4CF8-A5AD-762F816CB1FB}.Debug|Any CPU.Build.0 = Debug|Any CPU
		{EEAA8012-BACE-4CF8-A5AD-762F816CB1FB}.Release|Any CPU.ActiveCfg = Release|Any CPU
		{EEAA8012-BACE-4CF8-A5AD-762F816CB1FB}.Release|Any CPU.Build.0 = Release|Any CPU
		{4F2162AB-E55F-4AA2-BBFA-8BDAD795489B}.Debug|Any CPU.ActiveCfg = Debug|Any CPU
		{4F2162AB-E55F-4AA2-BBFA-8BDAD795489B}.Debug|Any CPU.Build.0 = Debug|Any CPU
		{4F2162AB-E55F-4AA2-BBFA-8BDAD795489B}.Release|Any CPU.ActiveCfg = Release|Any CPU
		{4F2162AB-E55F-4AA2-BBFA-8BDAD795489B}.Release|Any CPU.Build.0 = Release|Any CPU
		{EB7540AE-1E3E-406E-AE1A-AD90D2B1FAE2}.Debug|Any CPU.ActiveCfg = Debug|Any CPU
		{EB7540AE-1E3E-406E-AE1A-AD90D2B1FAE2}.Debug|Any CPU.Build.0 = Debug|Any CPU
		{EB7540AE-1E3E-406E-AE1A-AD90D2B1FAE2}.Release|Any CPU.ActiveCfg = Release|Any CPU
		{EB7540AE-1E3E-406E-AE1A-AD90D2B1FAE2}.Release|Any CPU.Build.0 = Release|Any CPU
	EndGlobalSection
	GlobalSection(SolutionProperties) = preSolution
		HideSolutionNode = FALSE
	EndGlobalSection
	GlobalSection(ExtensibilityGlobals) = postSolution
		SolutionGuid = {D98E8CF5-F1EC-422B-99DE-EA74B572E5B2}
	EndGlobalSection
EndGlobal
